
Microsoft Visual Studio Solution File, Format Version 12.00
# Visual Studio Version 17
VisualStudioVersion = 17.6.33815.320
MinimumVisualStudioVersion = 10.0.40219.1
Project("{FAE04EC0-301F-11D3-BF4B-00C04F79EFBC}") = "ps-19-task-2", "ps-19-task-2.csproj", "{2ACE8D5A-406F-4D98-896C-7EDDAB124208}"
EndProject
Global
	GlobalSection(SolutionConfigurationPlatforms) = preSolution
		Debug|Any CPU = Debug|Any CPU
		Release|Any CPU = Release|Any CPU
	EndGlobalSection
	GlobalSection(ProjectConfigurationPlatforms) = postSolution
		{2ACE8D5A-406F-4D98-896C-7EDDAB124208}.Debug|Any CPU.ActiveCfg = Debug|Any CPU
		{2ACE8D5A-406F-4D98-896C-7EDDAB124208}.Debug|Any CPU.Build.0 = Debug|Any CPU
		{2ACE8D5A-406F-4D98-896C-7EDDAB124208}.Release|Any CPU.ActiveCfg = Release|Any CPU
		{2ACE8D5A-406F-4D98-896C-7EDDAB124208}.Release|Any CPU.Build.0 = Release|Any CPU
	EndGlobalSection
	GlobalSection(SolutionProperties) = preSolution
		HideSolutionNode = FALSE
	EndGlobalSection
	GlobalSection(ExtensibilityGlobals) = postSolution
		SolutionGuid = {ED041C73-2843-464D-9B5A-776B9F573490}
	EndGlobalSection
EndGlobal
